
Microsoft Visual Studio Solution File, Format Version 9.00
# Visual Studio 2005
Project("{F184B08F-C81C-45F6-A57F-5ABD9991F28F}") = "ZBlog模板升级器", "ZBlog模板升级器.vbproj", "{A88FC4C7-D4E2-445E-8D68-350B15F915E4}"
EndProject
Global
	GlobalSection(SolutionConfigurationPlatforms) = preSolution
		Debug|Any CPU = Debug|Any CPU
		Release|Any CPU = Release|Any CPU
	EndGlobalSection
	GlobalSection(ProjectConfigurationPlatforms) = postSolution
		{A88FC4C7-D4E2-445E-8D68-350B15F915E4}.Debug|Any CPU.ActiveCfg = Debug|Any CPU
		{A88FC4C7-D4E2-445E-8D68-350B15F915E4}.Debug|Any CPU.Build.0 = Debug|Any CPU
		{A88FC4C7-D4E2-445E-8D68-350B15F915E4}.Release|Any CPU.ActiveCfg = Release|Any CPU
		{A88FC4C7-D4E2-445E-8D68-350B15F915E4}.Release|Any CPU.Build.0 = Release|Any CPU
	EndGlobalSection
	GlobalSection(SolutionProperties) = preSolution
		HideSolutionNode = FALSE
	EndGlobalSection
EndGlobal
